// !$*UTF8*$!
{
	archiveVersion = 1;
	classes = {
	};
	objectVersion = 56;
	objects = {

/* Begin PBXBuildFile section */
		F4230BAE2C90CC7400FEBC0C /* AppDelegate.swift in Sources */ = {isa = PBXBuildFile; fileRef = F4230BAD2C90CC7400FEBC0C /* AppDelegate.swift */; };
		F4230BB02C90CC7400FEBC0C /* SceneDelegate.swift in Sources */ = {isa = PBXBuildFile; fileRef = F4230BAF2C90CC7400FEBC0C /* SceneDelegate.swift */; };
		F4230BB22C90CC7400FEBC0C /* ViewController.swift in Sources */ = {isa = PBXBuildFile; fileRef = F4230BB12C90CC7400FEBC0C /* ViewController.swift */; };
		F4230BB72C90CC7500FEBC0C /* Assets.xcassets in Resources */ = {isa = PBXBuildFile; fileRef = F4230BB62C90CC7500FEBC0C /* Assets.xcassets */; };
		F4230BC52C90CD2300FEBC0C /* PhotoAuthorization.swift in Sources */ = {isa = PBXBuildFile; fileRef = F4230BC12C90CD2300FEBC0C /* PhotoAuthorization.swift */; };
		F4230BC82C90CD2300FEBC0C /* PhotoRequestManager.swift in Sources */ = {isa = PBXBuildFile; fileRef = F4230BC42C90CD2300FEBC0C /* PhotoRequestManager.swift */; };
		F4230BCA2C90D11900FEBC0C /* LaunchScreen.storyboard in Resources */ = {isa = PBXBuildFile; fileRef = F4230BB82C90CC7500FEBC0C /* LaunchScreen.storyboard */; };
		F4230BCF2C90D46C00FEBC0C /* Pods_SketchDraw.framework in Frameworks */ = {isa = PBXBuildFile; fileRef = F4230BCE2C90D46C00FEBC0C /* Pods_SketchDraw.framework */; };
		F4AA61B32C91FCC100173910 /* ButtonView.swift in Sources */ = {isa = PBXBuildFile; fileRef = F4AA61B12C91FCC100173910 /* ButtonView.swift */; };
		F4AA61B52C91FE4C00173910 /* ButtonView.xib in Resources */ = {isa = PBXBuildFile; fileRef = F4AA61B42C91FE4C00173910 /* ButtonView.xib */; };
		F4AA61B72C91FFDF00173910 /* Main.storyboard in Resources */ = {isa = PBXBuildFile; fileRef = F4AA61B62C91FFDF00173910 /* Main.storyboard */; };
/* End PBXBuildFile section */

/* Begin PBXFileReference section */
		2B5E39ACDDBD48BD01AA349A /* Pods-SketchDraw.debug.xcconfig */ = {isa = PBXFileReference; includeInIndex = 1; lastKnownFileType = text.xcconfig; name = "Pods-SketchDraw.debug.xcconfig"; path = "Target Support Files/Pods-SketchDraw/Pods-SketchDraw.debug.xcconfig"; sourceTree = "<group>"; };
		4FE202C6623F5C9C2C5DE4EC /* Pods_SketchDraw.framework */ = {isa = PBXFileReference; explicitFileType = wrapper.framework; includeInIndex = 0; path = Pods_SketchDraw.framework; sourceTree = BUILT_PRODUCTS_DIR; };
		61997E9AA0D12DE214E34115 /* Pods-SketchDraw.release.xcconfig */ = {isa = PBXFileReference; includeInIndex = 1; lastKnownFileType = text.xcconfig; name = "Pods-SketchDraw.release.xcconfig"; path = "Target Support Files/Pods-SketchDraw/Pods-SketchDraw.release.xcconfig"; sourceTree = "<group>"; };
		F4230BAA2C90CC7400FEBC0C /* SketchDraw.app */ = {isa = PBXFileReference; explicitFileType = wrapper.application; includeInIndex = 0; path = SketchDraw.app; sourceTree = BUILT_PRODUCTS_DIR; };
		F4230BAD2C90CC7400FEBC0C /* AppDelegate.swift */ = {isa = PBXFileReference; lastKnownFileType = sourcecode.swift; path = AppDelegate.swift; sourceTree = "<group>"; };
		F4230BAF2C90CC7400FEBC0C /* SceneDelegate.swift */ = {isa = PBXFileReference; lastKnownFileType = sourcecode.swift; path = SceneDelegate.swift; sourceTree = "<group>"; };
		F4230BB12C90CC7400FEBC0C /* ViewController.swift */ = {isa = PBXFileReference; lastKnownFileType = sourcecode.swift; path = ViewController.swift; sourceTree = "<group>"; };
		F4230BB62C90CC7500FEBC0C /* Assets.xcassets */ = {isa = PBXFileReference; lastKnownFileType = folder.assetcatalog; path = Assets.xcassets; sourceTree = "<group>"; };
		F4230BB92C90CC7500FEBC0C /* Base */ = {isa = PBXFileReference; lastKnownFileType = file.storyboard; name = Base; path = Base.lproj/LaunchScreen.storyboard; sourceTree = "<group>"; };
		F4230BBB2C90CC7500FEBC0C /* Info.plist */ = {isa = PBXFileReference; lastKnownFileType = text.plist.xml; path = Info.plist; sourceTree = "<group>"; };
		F4230BC12C90CD2300FEBC0C /* PhotoAuthorization.swift */ = {isa = PBXFileReference; fileEncoding = 4; lastKnownFileType = sourcecode.swift; path = PhotoAuthorization.swift; sourceTree = "<group>"; };
		F4230BC42C90CD2300FEBC0C /* PhotoRequestManager.swift */ = {isa = PBXFileReference; fileEncoding = 4; lastKnownFileType = sourcecode.swift; path = PhotoRequestManager.swift; sourceTree = "<group>"; };
		F4230BCC2C90D44300FEBC0C /* Sketch.framework */ = {isa = PBXFileReference; explicitFileType = wrapper.framework; path = Sketch.framework; sourceTree = BUILT_PRODUCTS_DIR; };
		F4230BCE2C90D46C00FEBC0C /* Pods_SketchDraw.framework */ = {isa = PBXFileReference; explicitFileType = wrapper.framework; path = Pods_SketchDraw.framework; sourceTree = BUILT_PRODUCTS_DIR; };
		F4AA61B12C91FCC100173910 /* ButtonView.swift */ = {isa = PBXFileReference; fileEncoding = 4; lastKnownFileType = sourcecode.swift; path = ButtonView.swift; sourceTree = "<group>"; };
		F4AA61B42C91FE4C00173910 /* ButtonView.xib */ = {isa = PBXFileReference; fileEncoding = 4; lastKnownFileType = file.xib; path = ButtonView.xib; sourceTree = "<group>"; };
		F4AA61B62C91FFDF00173910 /* Main.storyboard */ = {isa = PBXFileReference; fileEncoding = 4; lastKnownFileType = file.storyboard; path = Main.storyboard; sourceTree = "<group>"; };
/* End PBXFileReference section */

/* Begin PBXFrameworksBuildPhase section */
		F4230BA72C90CC7400FEBC0C /* Frameworks */ = {
			isa = PBXFrameworksBuildPhase;
			buildActionMask = 2147483647;
			files = (
				F4230BCF2C90D46C00FEBC0C /* Pods_SketchDraw.framework in Frameworks */,
			);
			runOnlyForDeploymentPostprocessing = 0;
		};
/* End PBXFrameworksBuildPhase section */

/* Begin PBXGroup section */
		0F2DAAA9F0084981CFF927CA /* Frameworks */ = {
			isa = PBXGroup;
			children = (
				F4230BCE2C90D46C00FEBC0C /* Pods_SketchDraw.framework */,
				F4230BCC2C90D44300FEBC0C /* Sketch.framework */,
				4FE202C6623F5C9C2C5DE4EC /* Pods_SketchDraw.framework */,
			);
			name = Frameworks;
			sourceTree = "<group>";
		};
		9E68E99A396548C50656E893 /* Pods */ = {
			isa = PBXGroup;
			children = (
				2B5E39ACDDBD48BD01AA349A /* Pods-SketchDraw.debug.xcconfig */,
				61997E9AA0D12DE214E34115 /* Pods-SketchDraw.release.xcconfig */,
			);
			path = Pods;
			sourceTree = "<group>";
		};
		F4230BA12C90CC7400FEBC0C = {
			isa = PBXGroup;
			children = (
				F4230BAC2C90CC7400FEBC0C /* SketchDraw */,
				F4230BAB2C90CC7400FEBC0C /* Products */,
				9E68E99A396548C50656E893 /* Pods */,
				0F2DAAA9F0084981CFF927CA /* Frameworks */,
			);
			sourceTree = "<group>";
		};
		F4230BAB2C90CC7400FEBC0C /* Products */ = {
			isa = PBXGroup;
			children = (
				F4230BAA2C90CC7400FEBC0C /* SketchDraw.app */,
			);
			name = Products;
			sourceTree = "<group>";
		};
		F4230BAC2C90CC7400FEBC0C /* SketchDraw */ = {
			isa = PBXGroup;
			children = (
				F4230BAD2C90CC7400FEBC0C /* AppDelegate.swift */,
				F4230BAF2C90CC7400FEBC0C /* SceneDelegate.swift */,
				F4230BC12C90CD2300FEBC0C /* PhotoAuthorization.swift */,
				F4230BC42C90CD2300FEBC0C /* PhotoRequestManager.swift */,
				F4AA61B12C91FCC100173910 /* ButtonView.swift */,
				F4AA61B42C91FE4C00173910 /* ButtonView.xib */,
				F4230BB12C90CC7400FEBC0C /* ViewController.swift */,
				F4AA61B62C91FFDF00173910 /* Main.storyboard */,
				F4230BB62C90CC7500FEBC0C /* Assets.xcassets */,
				F4230BB82C90CC7500FEBC0C /* LaunchScreen.storyboard */,
				F4230BBB2C90CC7500FEBC0C /* Info.plist */,
			);
			path = SketchDraw;
			sourceTree = "<group>";
		};
/* End PBXGroup section */

/* Begin PBXNativeTarget section */
		F4230BA92C90CC7400FEBC0C /* SketchDraw */ = {
			isa = PBXNativeTarget;
			buildConfigurationList = F4230BBE2C90CC7500FEBC0C /* Build configuration list for PBXNativeTarget "SketchDraw" */;
			buildPhases = (
				5BC68A3E8BA67224978CDCA7 /* [CP] Check Pods Manifest.lock */,
				F4230BA62C90CC7400FEBC0C /* Sources */,
				F4230BA72C90CC7400FEBC0C /* Frameworks */,
				F4230BA82C90CC7400FEBC0C /* Resources */,
				C0EAB6F089FCD1A532A3C808 /* [CP] Embed Pods Frameworks */,
			);
			buildRules = (
			);
			dependencies = (
			);
			name = SketchDraw;
			productName = SketchDraw;
			productReference = F4230BAA2C90CC7400FEBC0C /* SketchDraw.app */;
			productType = "com.apple.product-type.application";
		};
/* End PBXNativeTarget section */

/* Begin PBXProject section */
		F4230BA22C90CC7400FEBC0C /* Project object */ = {
			isa = PBXProject;
			attributes = {
				BuildIndependentTargetsInParallel = 1;
				LastSwiftUpdateCheck = 1540;
				LastUpgradeCheck = 1540;
				TargetAttributes = {
					F4230BA92C90CC7400FEBC0C = {
						CreatedOnToolsVersion = 15.4;
					};
				};
			};
			buildConfigurationList = F4230BA52C90CC7400FEBC0C /* Build configuration list for PBXProject "SketchDraw" */;
			compatibilityVersion = "Xcode 14.0";
			developmentRegion = en;
			hasScannedForEncodings = 0;
			knownRegions = (
				en,
				Base,
			);
			mainGroup = F4230BA12C90CC7400FEBC0C;
			productRefGroup = F4230BAB2C90CC7400FEBC0C /* Products */;
			projectDirPath = "";
			projectRoot = "";
			targets = (
				F4230BA92C90CC7400FEBC0C /* SketchDraw */,
			);
		};
/* End PBXProject section */

/* Begin PBXResourcesBuildPhase section */
		F4230BA82C90CC7400FEBC0C /* Resources */ = {
			isa = PBXResourcesBuildPhase;
			buildActionMask = 2147483647;
			files = (
				F4230BCA2C90D11900FEBC0C /* LaunchScreen.storyboard in Resources */,
				F4AA61B52C91FE4C00173910 /* ButtonView.xib in Resources */,
				F4230BB72C90CC7500FEBC0C /* Assets.xcassets in Resources */,
				F4AA61B72C91FFDF00173910 /* Main.storyboard in Resources */,
			);
			runOnlyForDeploymentPostprocessing = 0;
		};
/* End PBXResourcesBuildPhase section */

/* Begin PBXShellScriptBuildPhase section */
		5BC68A3E8BA67224978CDCA7 /* [CP] Check Pods Manifest.lock */ = {
			isa = PBXShellScriptBuildPhase;
			buildActionMask = 2147483647;
			files = (
			);
			inputFileListPaths = (
			);
			inputPaths = (
				"${PODS_PODFILE_DIR_PATH}/Podfile.lock",
				"${PODS_ROOT}/Manifest.lock",
			);
			name = "[CP] Check Pods Manifest.lock";
			outputFileListPaths = (
			);
			outputPaths = (
				"$(DERIVED_FILE_DIR)/Pods-SketchDraw-checkManifestLockResult.txt",
			);
			runOnlyForDeploymentPostprocessing = 0;
			shellPath = /bin/sh;
			shellScript = "diff \"${PODS_PODFILE_DIR_PATH}/Podfile.lock\" \"${PODS_ROOT}/Manifest.lock\" > /dev/null\nif [ $? != 0 ] ; then\n    # print error to STDERR\n    echo \"error: The sandbox is not in sync with the Podfile.lock. Run 'pod install' or update your CocoaPods installation.\" >&2\n    exit 1\nfi\n# This output is used by Xcode 'outputs' to avoid re-running this script phase.\necho \"SUCCESS\" > \"${SCRIPT_OUTPUT_FILE_0}\"\n";
			showEnvVarsInLog = 0;
		};
		C0EAB6F089FCD1A532A3C808 /* [CP] Embed Pods Frameworks */ = {
			isa = PBXShellScriptBuildPhase;
			buildActionMask = 2147483647;
			files = (
			);
			inputFileListPaths = (
				"${PODS_ROOT}/Target Support Files/Pods-SketchDraw/Pods-SketchDraw-frameworks-${CONFIGURATION}-input-files.xcfilelist",
			);
			name = "[CP] Embed Pods Frameworks";
			outputFileListPaths = (
				"${PODS_ROOT}/Target Support Files/Pods-SketchDraw/Pods-SketchDraw-frameworks-${CONFIGURATION}-output-files.xcfilelist",
			);
			runOnlyForDeploymentPostprocessing = 0;
			shellPath = /bin/sh;
			shellScript = "\"${PODS_ROOT}/Target Support Files/Pods-SketchDraw/Pods-SketchDraw-frameworks.sh\"\n";
			showEnvVarsInLog = 0;
		};
/* End PBXShellScriptBuildPhase section */

/* Begin PBXSourcesBuildPhase section */
		F4230BA62C90CC7400FEBC0C /* Sources */ = {
			isa = PBXSourcesBuildPhase;
			buildActionMask = 2147483647;
			files = (
				F4230BB22C90CC7400FEBC0C /* ViewController.swift in Sources */,
				F4230BAE2C90CC7400FEBC0C /* AppDelegate.swift in Sources */,
				F4AA61B32C91FCC100173910 /* ButtonView.swift in Sources */,
				F4230BC52C90CD2300FEBC0C /* PhotoAuthorization.swift in Sources */,
				F4230BC82C90CD2300FEBC0C /* PhotoRequestManager.swift in Sources */,
				F4230BB02C90CC7400FEBC0C /* SceneDelegate.swift in Sources */,
			);
			runOnlyForDeploymentPostprocessing = 0;
		};
/* End PBXSourcesBuildPhase section */

/* Begin PBXVariantGroup section */
		F4230BB82C90CC7500FEBC0C /* LaunchScreen.storyboard */ = {
			isa = PBXVariantGroup;
			children = (
				F4230BB92C90CC7500FEBC0C /* Base */,
			);
			name = LaunchScreen.storyboard;
			sourceTree = "<group>";
		};
/* End PBXVariantGroup section */

/* Begin XCBuildConfiguration section */
		F4230BBC2C90CC7500FEBC0C /* Debug */ = {
			isa = XCBuildConfiguration;
			buildSettings = {
				ALWAYS_SEARCH_USER_PATHS = NO;
				ASSETCATALOG_COMPILER_GENERATE_SWIFT_ASSET_SYMBOL_EXTENSIONS = YES;
				CLANG_ANALYZER_NONNULL = YES;
				CLANG_ANALYZER_NUMBER_OBJECT_CONVERSION = YES_AGGRESSIVE;
				CLANG_CXX_LANGUAGE_STANDARD = "gnu++20";
				CLANG_ENABLE_MODULES = YES;
				CLANG_ENABLE_OBJC_ARC = YES;
				CLANG_ENABLE_OBJC_WEAK = YES;
				CLANG_WARN_BLOCK_CAPTURE_AUTORELEASING = YES;
				CLANG_WARN_BOOL_CONVERSION = YES;
				CLANG_WARN_COMMA = YES;
				CLANG_WARN_CONSTANT_CONVERSION = YES;
				CLANG_WARN_DEPRECATED_OBJC_IMPLEMENTATIONS = YES;
				CLANG_WARN_DIRECT_OBJC_ISA_USAGE = YES_ERROR;
				CLANG_WARN_DOCUMENTATION_COMMENTS = YES;
				CLANG_WARN_EMPTY_BODY = YES;
				CLANG_WARN_ENUM_CONVERSION = YES;
				CLANG_WARN_INFINITE_RECURSION = YES;
				CLANG_WARN_INT_CONVERSION = YES;
				CLANG_WARN_NON_LITERAL_NULL_CONVERSION = YES;
				CLANG_WARN_OBJC_IMPLICIT_RETAIN_SELF = YES;
				CLANG_WARN_OBJC_LITERAL_CONVERSION = YES;
				CLANG_WARN_OBJC_ROOT_CLASS = YES_ERROR;
				CLANG_WARN_QUOTED_INCLUDE_IN_FRAMEWORK_HEADER = YES;
				CLANG_WARN_RANGE_LOOP_ANALYSIS = YES;
				CLANG_WARN_STRICT_PROTOTYPES = YES;
				CLANG_WARN_SUSPICIOUS_MOVE = YES;
				CLANG_WARN_UNGUARDED_AVAILABILITY = YES_AGGRESSIVE;
				CLANG_WARN_UNREACHABLE_CODE = YES;
				CLANG_WARN__DUPLICATE_METHOD_MATCH = YES;
				COPY_PHASE_STRIP = NO;
				DEBUG_INFORMATION_FORMAT = dwarf;
				ENABLE_STRICT_OBJC_MSGSEND = YES;
				ENABLE_TESTABILITY = YES;
				ENABLE_USER_SCRIPT_SANDBOXING = YES;
				GCC_C_LANGUAGE_STANDARD = gnu17;
				GCC_DYNAMIC_NO_PIC = NO;
				GCC_NO_COMMON_BLOCKS = YES;
				GCC_OPTIMIZATION_LEVEL = 0;
				GCC_PREPROCESSOR_DEFINITIONS = (
					"DEBUG=1",
					"$(inherited)",
				);
				GCC_WARN_64_TO_32_BIT_CONVERSION = YES;
				GCC_WARN_ABOUT_RETURN_TYPE = YES_ERROR;
				GCC_WARN_UNDECLARED_SELECTOR = YES;
				GCC_WARN_UNINITIALIZED_AUTOS = YES_AGGRESSIVE;
				GCC_WARN_UNUSED_FUNCTION = YES;
				GCC_WARN_UNUSED_VARIABLE = YES;
				IPHONEOS_DEPLOYMENT_TARGET = 17.5;
				LOCALIZATION_PREFERS_STRING_CATALOGS = YES;
				MTL_ENABLE_DEBUG_INFO = INCLUDE_SOURCE;
				MTL_FAST_MATH = YES;
				ONLY_ACTIVE_ARCH = YES;
				SDKROOT = iphoneos;
				SWIFT_ACTIVE_COMPILATION_CONDITIONS = "DEBUG $(inherited)";
				SWIFT_OPTIMIZATION_LEVEL = "-Onone";
			};
			name = Debug;
		};
		F4230BBD2C90CC7500FEBC0C /* Release */ = {
			isa = XCBuildConfiguration;
			buildSettings = {
				ALWAYS_SEARCH_USER_PATHS = NO;
				ASSETCATALOG_COMPILER_GENERATE_SWIFT_ASSET_SYMBOL_EXTENSIONS = YES;
				CLANG_ANALYZER_NONNULL = YES;
				CLANG_ANALYZER_NUMBER_OBJECT_CONVERSION = YES_AGGRESSIVE;
				CLANG_CXX_LANGUAGE_STANDARD = "gnu++20";
				CLANG_ENABLE_MODULES = YES;
				CLANG_ENABLE_OBJC_ARC = YES;
				CLANG_ENABLE_OBJC_WEAK = YES;
				CLANG_WARN_BLOCK_CAPTURE_AUTORELEASING = YES;
				CLANG_WARN_BOOL_CONVERSION = YES;
				CLANG_WARN_COMMA = YES;
				CLANG_WARN_CONSTANT_CONVERSION = YES;
				CLANG_WARN_DEPRECATED_OBJC_IMPLEMENTATIONS = YES;
				CLANG_WARN_DIRECT_OBJC_ISA_USAGE = YES_ERROR;
				CLANG_WARN_DOCUMENTATION_COMMENTS = YES;
				CLANG_WARN_EMPTY_BODY = YES;
				CLANG_WARN_ENUM_CONVERSION = YES;
				CLANG_WARN_INFINITE_RECURSION = YES;
				CLANG_WARN_INT_CONVERSION = YES;
				CLANG_WARN_NON_LITERAL_NULL_CONVERSION = YES;
				CLANG_WARN_OBJC_IMPLICIT_RETAIN_SELF = YES;
				CLANG_WARN_OBJC_LITERAL_CONVERSION = YES;
				CLANG_WARN_OBJC_ROOT_CLASS = YES_ERROR;
				CLANG_WARN_QUOTED_INCLUDE_IN_FRAMEWORK_HEADER = YES;
				CLANG_WARN_RANGE_LOOP_ANALYSIS = YES;
				CLANG_WARN_STRICT_PROTOTYPES = YES;
				CLANG_WARN_SUSPICIOUS_MOVE = YES;
				CLANG_WARN_UNGUARDED_AVAILABILITY = YES_AGGRESSIVE;
				CLANG_WARN_UNREACHABLE_CODE = YES;
				CLANG_WARN__DUPLICATE_METHOD_MATCH = YES;
				COPY_PHASE_STRIP = NO;
				DEBUG_INFORMATION_FORMAT = "dwarf-with-dsym";
				ENABLE_NS_ASSERTIONS = NO;
				ENABLE_STRICT_OBJC_MSGSEND = YES;
				ENABLE_USER_SCRIPT_SANDBOXING = YES;
				GCC_C_LANGUAGE_STANDARD = gnu17;
				GCC_NO_COMMON_BLOCKS = YES;
				GCC_WARN_64_TO_32_BIT_CONVERSION = YES;
				GCC_WARN_ABOUT_RETURN_TYPE = YES_ERROR;
				GCC_WARN_UNDECLARED_SELECTOR = YES;
				GCC_WARN_UNINITIALIZED_AUTOS = YES_AGGRESSIVE;
				GCC_WARN_UNUSED_FUNCTION = YES;
				GCC_WARN_UNUSED_VARIABLE = YES;
				IPHONEOS_DEPLOYMENT_TARGET = 17.5;
				LOCALIZATION_PREFERS_STRING_CATALOGS = YES;
				MTL_ENABLE_DEBUG_INFO = NO;
				MTL_FAST_MATH = YES;
				SDKROOT = iphoneos;
				SWIFT_COMPILATION_MODE = wholemodule;
				VALIDATE_PRODUCT = YES;
			};
			name = Release;
		};
		F4230BBF2C90CC7500FEBC0C /* Debug */ = {
			isa = XCBuildConfiguration;
			baseConfigurationReference = 2B5E39ACDDBD48BD01AA349A /* Pods-SketchDraw.debug.xcconfig */;
			buildSettings = {
				ASSETCATALOG_COMPILER_APPICON_NAME = AppIcon;
				ASSETCATALOG_COMPILER_GLOBAL_ACCENT_COLOR_NAME = AccentColor;
				CODE_SIGN_STYLE = Automatic;
				CURRENT_PROJECT_VERSION = 1;
				ENABLE_USER_SCRIPT_SANDBOXING = NO;
				GENERATE_INFOPLIST_FILE = YES;
				INFOPLIST_FILE = SketchDraw/Info.plist;
				INFOPLIST_KEY_NSCameraUsageDescription = "Would like to Acces";
				INFOPLIST_KEY_NSPhotoLibraryUsageDescription = "Would like to Access Photos";
				INFOPLIST_KEY_UIApplicationSupportsIndirectInputEvents = YES;
				INFOPLIST_KEY_UILaunchStoryboardName = LaunchScreen;
				INFOPLIST_KEY_UIMainStoryboardFile = Main;
				INFOPLIST_KEY_UISupportedInterfaceOrientations_iPad = "UIInterfaceOrientationPortrait UIInterfaceOrientationPortraitUpsideDown UIInterfaceOrientationLandscapeLeft UIInterfaceOrientationLandscapeRight";
				INFOPLIST_KEY_UISupportedInterfaceOrientations_iPhone = "UIInterfaceOrientationPortrait UIInterfaceOrientationLandscapeLeft UIInterfaceOrientationLandscapeRight";
				LD_RUNPATH_SEARCH_PATHS = (
					"$(inherited)",
					"@executable_path/Frameworks",
				);
				MARKETING_VERSION = 1.0;
				PRODUCT_BUNDLE_IDENTIFIER = com.arun.SketchDraw;
				PRODUCT_NAME = "$(TARGET_NAME)";
				SWIFT_EMIT_LOC_STRINGS = YES;
				SWIFT_VERSION = 5.0;
				TARGETED_DEVICE_FAMILY = "1,2";
			};
			name = Debug;
		};
		F4230BC02C90CC7500FEBC0C /* Release */ = {
			isa = XCBuildConfiguration;
			baseConfigurationReference = 61997E9AA0D12DE214E34115 /* Pods-SketchDraw.release.xcconfig */;
			buildSettings = {
				ASSETCATALOG_COMPILER_APPICON_NAME = AppIcon;
				ASSETCATALOG_COMPILER_GLOBAL_ACCENT_COLOR_NAME = AccentColor;
				CODE_SIGN_STYLE = Automatic;
				CURRENT_PROJECT_VERSION = 1;
				ENABLE_USER_SCRIPT_SANDBOXING = NO;
				GENERATE_INFOPLIST_FILE = YES;
				INFOPLIST_FILE = SketchDraw/Info.plist;
				INFOPLIST_KEY_NSCameraUsageDescription = "Would like to Acces";
				INFOPLIST_KEY_NSPhotoLibraryUsageDescription = "Would like to Access Photos";
				INFOPLIST_KEY_UIApplicationSupportsIndirectInputEvents = YES;
				INFOPLIST_KEY_UILaunchStoryboardName = LaunchScreen;
				INFOPLIST_KEY_UIMainStoryboardFile = Main;
				INFOPLIST_KEY_UISupportedInterfaceOrientations_iPad = "UIInterfaceOrientationPortrait UIInterfaceOrientationPortraitUpsideDown UIInterfaceOrientationLandscapeLeft UIInterfaceOrientationLandscapeRight";
				INFOPLIST_KEY_UISupportedInterfaceOrientations_iPhone = "UIInterfaceOrientationPortrait UIInterfaceOrientationLandscapeLeft UIInterfaceOrientationLandscapeRight";
				LD_RUNPATH_SEARCH_PATHS = (
					"$(inherited)",
					"@executable_path/Frameworks",
				);
				MARKETING_VERSION = 1.0;
				PRODUCT_BUNDLE_IDENTIFIER = com.arun.SketchDraw;
				PRODUCT_NAME = "$(TARGET_NAME)";
				SWIFT_EMIT_LOC_STRINGS = YES;
				SWIFT_VERSION = 5.0;
				TARGETED_DEVICE_FAMILY = "1,2";
			};
			name = Release;
		};
/* End XCBuildConfiguration section */

/* Begin XCConfigurationList section */
		F4230BA52C90CC7400FEBC0C /* Build configuration list for PBXProject "SketchDraw" */ = {
			isa = XCConfigurationList;
			buildConfigurations = (
				F4230BBC2C90CC7500FEBC0C /* Debug */,
				F4230BBD2C90CC7500FEBC0C /* Release */,
			);
			defaultConfigurationIsVisible = 0;
			defaultConfigurationName = Release;
		};
		F4230BBE2C90CC7500FEBC0C /* Build configuration list for PBXNativeTarget "SketchDraw" */ = {
			isa = XCConfigurationList;
			buildConfigurations = (
				F4230BBF2C90CC7500FEBC0C /* Debug */,
				F4230BC02C90CC7500FEBC0C /* Release */,
			);
			defaultConfigurationIsVisible = 0;
			defaultConfigurationName = Release;
		};
/* End XCConfigurationList section */
	};
	rootObject = F4230BA22C90CC7400FEBC0C /* Project object */;
}
